// !$*UTF8*$!
{
	archiveVersion = 1;
	classes = {
	};
	objectVersion = 56;
	objects = {

/* Begin PBXBuildFile section */
		139057D72CB7A9E500A237F8 /* OrientBasedCollectionView.swift in Sources */ = {isa = PBXBuildFile; fileRef = 139057D62CB7A9E500A237F8 /* OrientBasedCollectionView.swift */; };
		139057DA2CB7F79A00A237F8 /* OrientBasedCollectionViewModel.swift in Sources */ = {isa = PBXBuildFile; fileRef = 139057D92CB7F79A00A237F8 /* OrientBasedCollectionViewModel.swift */; };
		139057DC2CB7F7E500A237F8 /* ReusableCell.swift in Sources */ = {isa = PBXBuildFile; fileRef = 139057DB2CB7F7E500A237F8 /* ReusableCell.swift */; };
		139057DE2CB8160200A237F8 /* ImageLoader.swift in Sources */ = {isa = PBXBuildFile; fileRef = 139057DD2CB8160200A237F8 /* ImageLoader.swift */; };
		139057E12CB8BAC700A237F8 /* NewsArticleWebViewController.swift in Sources */ = {isa = PBXBuildFile; fileRef = 139057E02CB8BAC700A237F8 /* NewsArticleWebViewController.swift */; };
		139057E32CB8BDBA00A237F8 /* Array+Extension.swift in Sources */ = {isa = PBXBuildFile; fileRef = 139057E22CB8BDBA00A237F8 /* Array+Extension.swift */; };
		139057E52CB8EF1000A237F8 /* NewsArticleCollectionViewModel.swift in Sources */ = {isa = PBXBuildFile; fileRef = 139057E42CB8EF1000A237F8 /* NewsArticleCollectionViewModel.swift */; };
		139057EA2CB8F43A00A237F8 /* NetworkMonitor.swift in Sources */ = {isa = PBXBuildFile; fileRef = 139057E92CB8F43A00A237F8 /* NetworkMonitor.swift */; };
		139057EE2CB90AF900A237F8 /* ArticleModel.xcdatamodeld in Sources */ = {isa = PBXBuildFile; fileRef = 139057EC2CB90AF900A237F8 /* ArticleModel.xcdatamodeld */; };
		139057FA2CBB962D00A237F8 /* Article.swift in Sources */ = {isa = PBXBuildFile; fileRef = 139057F92CBB962D00A237F8 /* Article.swift */; };
		139058072CBBB5E000A237F8 /* CoreDataManager.swift in Sources */ = {isa = PBXBuildFile; fileRef = 139058062CBBB5E000A237F8 /* CoreDataManager.swift */; };
		1390580A2CBBBB8500A237F8 /* ArticleEntity+CoreDataClass.swift in Sources */ = {isa = PBXBuildFile; fileRef = 139058082CBBBB8500A237F8 /* ArticleEntity+CoreDataClass.swift */; };
		1390580B2CBBBB8500A237F8 /* ArticleEntity+CoreDataProperties.swift in Sources */ = {isa = PBXBuildFile; fileRef = 139058092CBBBB8500A237F8 /* ArticleEntity+CoreDataProperties.swift */; };
		1390580D2CBBBFC400A237F8 /* String+Extension.swift in Sources */ = {isa = PBXBuildFile; fileRef = 1390580C2CBBBFC400A237F8 /* String+Extension.swift */; };
		13DD9E5E2CB4F3CE00114BBA /* AppDelegate.swift in Sources */ = {isa = PBXBuildFile; fileRef = 13DD9E5D2CB4F3CE00114BBA /* AppDelegate.swift */; };
		13DD9E602CB4F3CE00114BBA /* SceneDelegate.swift in Sources */ = {isa = PBXBuildFile; fileRef = 13DD9E5F2CB4F3CE00114BBA /* SceneDelegate.swift */; };
		13DD9E622CB4F3CE00114BBA /* NewsCollectionViewController.swift in Sources */ = {isa = PBXBuildFile; fileRef = 13DD9E612CB4F3CE00114BBA /* NewsCollectionViewController.swift */; };
		13DD9E672CB4F3D000114BBA /* Assets.xcassets in Resources */ = {isa = PBXBuildFile; fileRef = 13DD9E662CB4F3D000114BBA /* Assets.xcassets */; };
		13DD9E6A2CB4F3D000114BBA /* LaunchScreen.storyboard in Resources */ = {isa = PBXBuildFile; fileRef = 13DD9E682CB4F3D000114BBA /* LaunchScreen.storyboard */; };
		13DD9E752CB4F3D000114BBA /* MillieTests.swift in Sources */ = {isa = PBXBuildFile; fileRef = 13DD9E742CB4F3D000114BBA /* MillieTests.swift */; };
		13DD9E7F2CB4F3D000114BBA /* MillieUITests.swift in Sources */ = {isa = PBXBuildFile; fileRef = 13DD9E7E2CB4F3D000114BBA /* MillieUITests.swift */; };
		13DD9E812CB4F3D000114BBA /* MillieUITestsLaunchTests.swift in Sources */ = {isa = PBXBuildFile; fileRef = 13DD9E802CB4F3D000114BBA /* MillieUITestsLaunchTests.swift */; };
		13DD9E912CB69BE900114BBA /* HTTPClient.swift in Sources */ = {isa = PBXBuildFile; fileRef = 13DD9E902CB69BE900114BBA /* HTTPClient.swift */; };
		13DD9E942CB69CBB00114BBA /* Alamofire in Frameworks */ = {isa = PBXBuildFile; productRef = 13DD9E932CB69CBB00114BBA /* Alamofire */; };
		13DD9E982CB6BC9C00114BBA /* APIConstants.swift in Sources */ = {isa = PBXBuildFile; fileRef = 13DD9E972CB6BC9C00114BBA /* APIConstants.swift */; };
		13DD9E9A2CB6BCE200114BBA /* APIEndpoint.swift in Sources */ = {isa = PBXBuildFile; fileRef = 13DD9E992CB6BCE200114BBA /* APIEndpoint.swift */; };
		13DD9E9C2CB6C01900114BBA /* NetworkError.swift in Sources */ = {isa = PBXBuildFile; fileRef = 13DD9E9B2CB6C01900114BBA /* NetworkError.swift */; };
		13DD9E9E2CB6C0B000114BBA /* NewsEntry.swift in Sources */ = {isa = PBXBuildFile; fileRef = 13DD9E9D2CB6C0B000114BBA /* NewsEntry.swift */; };
		13DD9EA12CB6EDA700114BBA /* NewsHeadLineCell.swift in Sources */ = {isa = PBXBuildFile; fileRef = 13DD9EA02CB6EDA700114BBA /* NewsHeadLineCell.swift */; };
		13DD9EA42CB6EDCE00114BBA /* UIViewController+Extension.swift in Sources */ = {isa = PBXBuildFile; fileRef = 13DD9EA32CB6EDCE00114BBA /* UIViewController+Extension.swift */; };
/* End PBXBuildFile section */

/* Begin PBXContainerItemProxy section */
		13DD9E712CB4F3D000114BBA /* PBXContainerItemProxy */ = {
			isa = PBXContainerItemProxy;
			containerPortal = 13DD9E522CB4F3CE00114BBA /* Project object */;
			proxyType = 1;
			remoteGlobalIDString = 13DD9E592CB4F3CE00114BBA;
			remoteInfo = Millie;
		};
		13DD9E7B2CB4F3D000114BBA /* PBXContainerItemProxy */ = {
			isa = PBXContainerItemProxy;
			containerPortal = 13DD9E522CB4F3CE00114BBA /* Project object */;
			proxyType = 1;
			remoteGlobalIDString = 13DD9E592CB4F3CE00114BBA;
			remoteInfo = Millie;
		};
/* End PBXContainerItemProxy section */

/* Begin PBXFileReference section */
		139057D62CB7A9E500A237F8 /* OrientBasedCollectionView.swift */ = {isa = PBXFileReference; lastKnownFileType = sourcecode.swift; path = OrientBasedCollectionView.swift; sourceTree = "<group>"; };
		139057D92CB7F79A00A237F8 /* OrientBasedCollectionViewModel.swift */ = {isa = PBXFileReference; lastKnownFileType = sourcecode.swift; path = OrientBasedCollectionViewModel.swift; sourceTree = "<group>"; };
		139057DB2CB7F7E500A237F8 /* ReusableCell.swift */ = {isa = PBXFileReference; lastKnownFileType = sourcecode.swift; path = ReusableCell.swift; sourceTree = "<group>"; };
		139057DD2CB8160200A237F8 /* ImageLoader.swift */ = {isa = PBXFileReference; lastKnownFileType = sourcecode.swift; path = ImageLoader.swift; sourceTree = "<group>"; };
		139057E02CB8BAC700A237F8 /* NewsArticleWebViewController.swift */ = {isa = PBXFileReference; lastKnownFileType = sourcecode.swift; path = NewsArticleWebViewController.swift; sourceTree = "<group>"; };
		139057E22CB8BDBA00A237F8 /* Array+Extension.swift */ = {isa = PBXFileReference; lastKnownFileType = sourcecode.swift; path = "Array+Extension.swift"; sourceTree = "<group>"; };
		139057E42CB8EF1000A237F8 /* NewsArticleCollectionViewModel.swift */ = {isa = PBXFileReference; lastKnownFileType = sourcecode.swift; path = NewsArticleCollectionViewModel.swift; sourceTree = "<group>"; };
		139057E92CB8F43A00A237F8 /* NetworkMonitor.swift */ = {isa = PBXFileReference; lastKnownFileType = sourcecode.swift; path = NetworkMonitor.swift; sourceTree = "<group>"; };
		139057ED2CB90AF900A237F8 /* ArticleModel.xcdatamodel */ = {isa = PBXFileReference; lastKnownFileType = wrapper.xcdatamodel; path = ArticleModel.xcdatamodel; sourceTree = "<group>"; };
		139057F92CBB962D00A237F8 /* Article.swift */ = {isa = PBXFileReference; lastKnownFileType = sourcecode.swift; path = Article.swift; sourceTree = "<group>"; };
		139058062CBBB5E000A237F8 /* CoreDataManager.swift */ = {isa = PBXFileReference; lastKnownFileType = sourcecode.swift; path = CoreDataManager.swift; sourceTree = "<group>"; };
		139058082CBBBB8500A237F8 /* ArticleEntity+CoreDataClass.swift */ = {isa = PBXFileReference; lastKnownFileType = sourcecode.swift; path = "ArticleEntity+CoreDataClass.swift"; sourceTree = "<group>"; };
		139058092CBBBB8500A237F8 /* ArticleEntity+CoreDataProperties.swift */ = {isa = PBXFileReference; lastKnownFileType = sourcecode.swift; path = "ArticleEntity+CoreDataProperties.swift"; sourceTree = "<group>"; };
		1390580C2CBBBFC400A237F8 /* String+Extension.swift */ = {isa = PBXFileReference; lastKnownFileType = sourcecode.swift; path = "String+Extension.swift"; sourceTree = "<group>"; };
		13DD9E5A2CB4F3CE00114BBA /* Millie.app */ = {isa = PBXFileReference; explicitFileType = wrapper.application; includeInIndex = 0; path = Millie.app; sourceTree = BUILT_PRODUCTS_DIR; };
		13DD9E5D2CB4F3CE00114BBA /* AppDelegate.swift */ = {isa = PBXFileReference; lastKnownFileType = sourcecode.swift; path = AppDelegate.swift; sourceTree = "<group>"; };
		13DD9E5F2CB4F3CE00114BBA /* SceneDelegate.swift */ = {isa = PBXFileReference; lastKnownFileType = sourcecode.swift; path = SceneDelegate.swift; sourceTree = "<group>"; };
		13DD9E612CB4F3CE00114BBA /* NewsCollectionViewController.swift */ = {isa = PBXFileReference; lastKnownFileType = sourcecode.swift; path = NewsCollectionViewController.swift; sourceTree = "<group>"; };
		13DD9E662CB4F3D000114BBA /* Assets.xcassets */ = {isa = PBXFileReference; lastKnownFileType = folder.assetcatalog; path = Assets.xcassets; sourceTree = "<group>"; };
		13DD9E692CB4F3D000114BBA /* Base */ = {isa = PBXFileReference; lastKnownFileType = file.storyboard; name = Base; path = Base.lproj/LaunchScreen.storyboard; sourceTree = "<group>"; };
		13DD9E6B2CB4F3D000114BBA /* Info.plist */ = {isa = PBXFileReference; lastKnownFileType = text.plist.xml; path = Info.plist; sourceTree = "<group>"; };
		13DD9E702CB4F3D000114BBA /* MillieTests.xctest */ = {isa = PBXFileReference; explicitFileType = wrapper.cfbundle; includeInIndex = 0; path = MillieTests.xctest; sourceTree = BUILT_PRODUCTS_DIR; };
		13DD9E742CB4F3D000114BBA /* MillieTests.swift */ = {isa = PBXFileReference; lastKnownFileType = sourcecode.swift; path = MillieTests.swift; sourceTree = "<group>"; };
		13DD9E7A2CB4F3D000114BBA /* MillieUITests.xctest */ = {isa = PBXFileReference; explicitFileType = wrapper.cfbundle; includeInIndex = 0; path = MillieUITests.xctest; sourceTree = BUILT_PRODUCTS_DIR; };
		13DD9E7E2CB4F3D000114BBA /* MillieUITests.swift */ = {isa = PBXFileReference; lastKnownFileType = sourcecode.swift; path = MillieUITests.swift; sourceTree = "<group>"; };
		13DD9E802CB4F3D000114BBA /* MillieUITestsLaunchTests.swift */ = {isa = PBXFileReference; lastKnownFileType = sourcecode.swift; path = MillieUITestsLaunchTests.swift; sourceTree = "<group>"; };
		13DD9E902CB69BE900114BBA /* HTTPClient.swift */ = {isa = PBXFileReference; lastKnownFileType = sourcecode.swift; path = HTTPClient.swift; sourceTree = "<group>"; };
		13DD9E972CB6BC9C00114BBA /* APIConstants.swift */ = {isa = PBXFileReference; lastKnownFileType = sourcecode.swift; path = APIConstants.swift; sourceTree = "<group>"; };
		13DD9E992CB6BCE200114BBA /* APIEndpoint.swift */ = {isa = PBXFileReference; lastKnownFileType = sourcecode.swift; path = APIEndpoint.swift; sourceTree = "<group>"; };
		13DD9E9B2CB6C01900114BBA /* NetworkError.swift */ = {isa = PBXFileReference; lastKnownFileType = sourcecode.swift; path = NetworkError.swift; sourceTree = "<group>"; };
		13DD9E9D2CB6C0B000114BBA /* NewsEntry.swift */ = {isa = PBXFileReference; lastKnownFileType = sourcecode.swift; path = NewsEntry.swift; sourceTree = "<group>"; };
		13DD9EA02CB6EDA700114BBA /* NewsHeadLineCell.swift */ = {isa = PBXFileReference; lastKnownFileType = sourcecode.swift; path = NewsHeadLineCell.swift; sourceTree = "<group>"; };
		13DD9EA32CB6EDCE00114BBA /* UIViewController+Extension.swift */ = {isa = PBXFileReference; lastKnownFileType = sourcecode.swift; path = "UIViewController+Extension.swift"; sourceTree = "<group>"; };
/* End PBXFileReference section */

/* Begin PBXFrameworksBuildPhase section */
		13DD9E572CB4F3CE00114BBA /* Frameworks */ = {
			isa = PBXFrameworksBuildPhase;
			buildActionMask = 2147483647;
			files = (
				13DD9E942CB69CBB00114BBA /* Alamofire in Frameworks */,
			);
			runOnlyForDeploymentPostprocessing = 0;
		};
		13DD9E6D2CB4F3D000114BBA /* Frameworks */ = {
			isa = PBXFrameworksBuildPhase;
			buildActionMask = 2147483647;
			files = (
			);
			runOnlyForDeploymentPostprocessing = 0;
		};
		13DD9E772CB4F3D000114BBA /* Frameworks */ = {
			isa = PBXFrameworksBuildPhase;
			buildActionMask = 2147483647;
			files = (
			);
			runOnlyForDeploymentPostprocessing = 0;
		};
/* End PBXFrameworksBuildPhase section */

/* Begin PBXGroup section */
		139057D52CB7A98000A237F8 /* OrientationBasedView */ = {
			isa = PBXGroup;
			children = (
				13DD9E9F2CB6ED9700114BBA /* Cells */,
				139057D62CB7A9E500A237F8 /* OrientBasedCollectionView.swift */,
				139057D92CB7F79A00A237F8 /* OrientBasedCollectionViewModel.swift */,
			);
			path = OrientationBasedView;
			sourceTree = "<group>";
		};
		139057DF2CB816B300A237F8 /* Managers */ = {
			isa = PBXGroup;
			children = (
				13DD9E962CB6BC4100114BBA /* Network */,
				139057DD2CB8160200A237F8 /* ImageLoader.swift */,
				139058062CBBB5E000A237F8 /* CoreDataManager.swift */,
			);
			path = Managers;
			sourceTree = "<group>";
		};
		139057E62CB8F09800A237F8 /* NewsCollection */ = {
			isa = PBXGroup;
			children = (
				13DD9E952CB6BC2F00114BBA /* Model */,
				139057E02CB8BAC700A237F8 /* NewsArticleWebViewController.swift */,
				13DD9E612CB4F3CE00114BBA /* NewsCollectionViewController.swift */,
				13DD9EA02CB6EDA700114BBA /* NewsHeadLineCell.swift */,
				139057E42CB8EF1000A237F8 /* NewsArticleCollectionViewModel.swift */,
			);
			path = NewsCollection;
			sourceTree = "<group>";
		};
		139057E82CB8F41900A237F8 /* HttpClient */ = {
			isa = PBXGroup;
			children = (
				13DD9E972CB6BC9C00114BBA /* APIConstants.swift */,
				13DD9E992CB6BCE200114BBA /* APIEndpoint.swift */,
				13DD9E902CB69BE900114BBA /* HTTPClient.swift */,
				13DD9E9B2CB6C01900114BBA /* NetworkError.swift */,
			);
			path = HttpClient;
			sourceTree = "<group>";
		};
		139057EB2CB90ACA00A237F8 /* CoreData */ = {
			isa = PBXGroup;
			children = (
				139057EC2CB90AF900A237F8 /* ArticleModel.xcdatamodeld */,
				139058082CBBBB8500A237F8 /* ArticleEntity+CoreDataClass.swift */,
				139058092CBBBB8500A237F8 /* ArticleEntity+CoreDataProperties.swift */,
			);
			path = CoreData;
			sourceTree = "<group>";
		};
		13DD9E512CB4F3CE00114BBA = {
			isa = PBXGroup;
			children = (
				13DD9E5C2CB4F3CE00114BBA /* Millie */,
				13DD9E732CB4F3D000114BBA /* MillieTests */,
				13DD9E7D2CB4F3D000114BBA /* MillieUITests */,
				13DD9E5B2CB4F3CE00114BBA /* Products */,
				13DD9E922CB69CBB00114BBA /* Frameworks */,
			);
			sourceTree = "<group>";
		};
		13DD9E5B2CB4F3CE00114BBA /* Products */ = {
			isa = PBXGroup;
			children = (
				13DD9E5A2CB4F3CE00114BBA /* Millie.app */,
				13DD9E702CB4F3D000114BBA /* MillieTests.xctest */,
				13DD9E7A2CB4F3D000114BBA /* MillieUITests.xctest */,
			);
			name = Products;
			sourceTree = "<group>";
		};
		13DD9E5C2CB4F3CE00114BBA /* Millie */ = {
			isa = PBXGroup;
			children = (
				13DD9E5D2CB4F3CE00114BBA /* AppDelegate.swift */,
				13DD9E5F2CB4F3CE00114BBA /* SceneDelegate.swift */,
				139057EB2CB90ACA00A237F8 /* CoreData */,
				13DD9EA22CB6EDBD00114BBA /* Extensions */,
				139057DF2CB816B300A237F8 /* Managers */,
				139057E62CB8F09800A237F8 /* NewsCollection */,
				139057D52CB7A98000A237F8 /* OrientationBasedView */,
				13DD9E662CB4F3D000114BBA /* Assets.xcassets */,
				13DD9E682CB4F3D000114BBA /* LaunchScreen.storyboard */,
				13DD9E6B2CB4F3D000114BBA /* Info.plist */,
			);
			path = Millie;
			sourceTree = "<group>";
		};
		13DD9E732CB4F3D000114BBA /* MillieTests */ = {
			isa = PBXGroup;
			children = (
				13DD9E742CB4F3D000114BBA /* MillieTests.swift */,
			);
			path = MillieTests;
			sourceTree = "<group>";
		};
		13DD9E7D2CB4F3D000114BBA /* MillieUITests */ = {
			isa = PBXGroup;
			children = (
				13DD9E7E2CB4F3D000114BBA /* MillieUITests.swift */,
				13DD9E802CB4F3D000114BBA /* MillieUITestsLaunchTests.swift */,
			);
			path = MillieUITests;
			sourceTree = "<group>";
		};
		13DD9E922CB69CBB00114BBA /* Frameworks */ = {
			isa = PBXGroup;
			children = (
			);
			name = Frameworks;
			sourceTree = "<group>";
		};
		13DD9E952CB6BC2F00114BBA /* Model */ = {
			isa = PBXGroup;
			children = (
				13DD9E9D2CB6C0B000114BBA /* NewsEntry.swift */,
				139057F92CBB962D00A237F8 /* Article.swift */,
			);
			path = Model;
			sourceTree = "<group>";
		};
		13DD9E962CB6BC4100114BBA /* Network */ = {
			isa = PBXGroup;
			children = (
				139057E92CB8F43A00A237F8 /* NetworkMonitor.swift */,
				139057E82CB8F41900A237F8 /* HttpClient */,
			);
			path = Network;
			sourceTree = "<group>";
		};
		13DD9E9F2CB6ED9700114BBA /* Cells */ = {
			isa = PBXGroup;
			children = (
				139057DB2CB7F7E500A237F8 /* ReusableCell.swift */,
			);
			path = Cells;
			sourceTree = "<group>";
		};
		13DD9EA22CB6EDBD00114BBA /* Extensions */ = {
			isa = PBXGroup;
			children = (
				13DD9EA32CB6EDCE00114BBA /* UIViewController+Extension.swift */,
				139057E22CB8BDBA00A237F8 /* Array+Extension.swift */,
				1390580C2CBBBFC400A237F8 /* String+Extension.swift */,
			);
			path = Extensions;
			sourceTree = "<group>";
		};
/* End PBXGroup section */

/* Begin PBXNativeTarget section */
		13DD9E592CB4F3CE00114BBA /* Millie */ = {
			isa = PBXNativeTarget;
			buildConfigurationList = 13DD9E842CB4F3D000114BBA /* Build configuration list for PBXNativeTarget "Millie" */;
			buildPhases = (
				13DD9E562CB4F3CE00114BBA /* Sources */,
				13DD9E572CB4F3CE00114BBA /* Frameworks */,
				13DD9E582CB4F3CE00114BBA /* Resources */,
			);
			buildRules = (
			);
			dependencies = (
			);
			name = Millie;
			packageProductDependencies = (
				13DD9E932CB69CBB00114BBA /* Alamofire */,
			);
			productName = Millie;
			productReference = 13DD9E5A2CB4F3CE00114BBA /* Millie.app */;
			productType = "com.apple.product-type.application";
		};
		13DD9E6F2CB4F3D000114BBA /* MillieTests */ = {
			isa = PBXNativeTarget;
			buildConfigurationList = 13DD9E872CB4F3D000114BBA /* Build configuration list for PBXNativeTarget "MillieTests" */;
			buildPhases = (
				13DD9E6C2CB4F3D000114BBA /* Sources */,
				13DD9E6D2CB4F3D000114BBA /* Frameworks */,
				13DD9E6E2CB4F3D000114BBA /* Resources */,
			);
			buildRules = (
			);
			dependencies = (
				13DD9E722CB4F3D000114BBA /* PBXTargetDependency */,
			);
			name = MillieTests;
			productName = MillieTests;
			productReference = 13DD9E702CB4F3D000114BBA /* MillieTests.xctest */;
			productType = "com.apple.product-type.bundle.unit-test";
		};
		13DD9E792CB4F3D000114BBA /* MillieUITests */ = {
			isa = PBXNativeTarget;
			buildConfigurationList = 13DD9E8A2CB4F3D000114BBA /* Build configuration list for PBXNativeTarget "MillieUITests" */;
			buildPhases = (
				13DD9E762CB4F3D000114BBA /* Sources */,
				13DD9E772CB4F3D000114BBA /* Frameworks */,
				13DD9E782CB4F3D000114BBA /* Resources */,
			);
			buildRules = (
			);
			dependencies = (
				13DD9E7C2CB4F3D000114BBA /* PBXTargetDependency */,
			);
			name = MillieUITests;
			productName = MillieUITests;
			productReference = 13DD9E7A2CB4F3D000114BBA /* MillieUITests.xctest */;
			productType = "com.apple.product-type.bundle.ui-testing";
		};
/* End PBXNativeTarget section */

/* Begin PBXProject section */
		13DD9E522CB4F3CE00114BBA /* Project object */ = {
			isa = PBXProject;
			attributes = {
				BuildIndependentTargetsInParallel = 1;
				LastSwiftUpdateCheck = 1510;
				LastUpgradeCheck = 1510;
				TargetAttributes = {
					13DD9E592CB4F3CE00114BBA = {
						CreatedOnToolsVersion = 15.1;
					};
					13DD9E6F2CB4F3D000114BBA = {
						CreatedOnToolsVersion = 15.1;
						TestTargetID = 13DD9E592CB4F3CE00114BBA;
					};
					13DD9E792CB4F3D000114BBA = {
						CreatedOnToolsVersion = 15.1;
						TestTargetID = 13DD9E592CB4F3CE00114BBA;
					};
				};
			};
			buildConfigurationList = 13DD9E552CB4F3CE00114BBA /* Build configuration list for PBXProject "Millie" */;
			compatibilityVersion = "Xcode 14.0";
			developmentRegion = en;
			hasScannedForEncodings = 0;
			knownRegions = (
				en,
				Base,
			);
			mainGroup = 13DD9E512CB4F3CE00114BBA;
			packageReferences = (
				13DD9E8F2CB697F300114BBA /* XCRemoteSwiftPackageReference "Alamofire" */,
			);
			productRefGroup = 13DD9E5B2CB4F3CE00114BBA /* Products */;
			projectDirPath = "";
			projectRoot = "";
			targets = (
				13DD9E592CB4F3CE00114BBA /* Millie */,
				13DD9E6F2CB4F3D000114BBA /* MillieTests */,
				13DD9E792CB4F3D000114BBA /* MillieUITests */,
			);
		};
/* End PBXProject section */

/* Begin PBXResourcesBuildPhase section */
		13DD9E582CB4F3CE00114BBA /* Resources */ = {
			isa = PBXResourcesBuildPhase;
			buildActionMask = 2147483647;
			files = (
				13DD9E6A2CB4F3D000114BBA /* LaunchScreen.storyboard in Resources */,
				13DD9E672CB4F3D000114BBA /* Assets.xcassets in Resources */,
			);
			runOnlyForDeploymentPostprocessing = 0;
		};
		13DD9E6E2CB4F3D000114BBA /* Resources */ = {
			isa = PBXResourcesBuildPhase;
			buildActionMask = 2147483647;
			files = (
			);
			runOnlyForDeploymentPostprocessing = 0;
		};
		13DD9E782CB4F3D000114BBA /* Resources */ = {
			isa = PBXResourcesBuildPhase;
			buildActionMask = 2147483647;
			files = (
			);
			runOnlyForDeploymentPostprocessing = 0;
		};
/* End PBXResourcesBuildPhase section */

/* Begin PBXSourcesBuildPhase section */
		13DD9E562CB4F3CE00114BBA /* Sources */ = {
			isa = PBXSourcesBuildPhase;
			buildActionMask = 2147483647;
			files = (
				139057DE2CB8160200A237F8 /* ImageLoader.swift in Sources */,
				1390580B2CBBBB8500A237F8 /* ArticleEntity+CoreDataProperties.swift in Sources */,
				13DD9E622CB4F3CE00114BBA /* NewsCollectionViewController.swift in Sources */,
				139057FA2CBB962D00A237F8 /* Article.swift in Sources */,
				13DD9E9E2CB6C0B000114BBA /* NewsEntry.swift in Sources */,
				139057EE2CB90AF900A237F8 /* ArticleModel.xcdatamodeld in Sources */,
				13DD9E9C2CB6C01900114BBA /* NetworkError.swift in Sources */,
				139057E52CB8EF1000A237F8 /* NewsArticleCollectionViewModel.swift in Sources */,
				13DD9EA12CB6EDA700114BBA /* NewsHeadLineCell.swift in Sources */,
				139058072CBBB5E000A237F8 /* CoreDataManager.swift in Sources */,
				13DD9E9A2CB6BCE200114BBA /* APIEndpoint.swift in Sources */,
				139057EA2CB8F43A00A237F8 /* NetworkMonitor.swift in Sources */,
				13DD9E982CB6BC9C00114BBA /* APIConstants.swift in Sources */,
				139057E32CB8BDBA00A237F8 /* Array+Extension.swift in Sources */,
				13DD9E5E2CB4F3CE00114BBA /* AppDelegate.swift in Sources */,
				139057DA2CB7F79A00A237F8 /* OrientBasedCollectionViewModel.swift in Sources */,
				1390580D2CBBBFC400A237F8 /* String+Extension.swift in Sources */,
				13DD9E912CB69BE900114BBA /* HTTPClient.swift in Sources */,
				13DD9EA42CB6EDCE00114BBA /* UIViewController+Extension.swift in Sources */,
				139057D72CB7A9E500A237F8 /* OrientBasedCollectionView.swift in Sources */,
				13DD9E602CB4F3CE00114BBA /* SceneDelegate.swift in Sources */,
				1390580A2CBBBB8500A237F8 /* ArticleEntity+CoreDataClass.swift in Sources */,
				139057E12CB8BAC700A237F8 /* NewsArticleWebViewController.swift in Sources */,
				139057DC2CB7F7E500A237F8 /* ReusableCell.swift in Sources */,
			);
			runOnlyForDeploymentPostprocessing = 0;
		};
		13DD9E6C2CB4F3D000114BBA /* Sources */ = {
			isa = PBXSourcesBuildPhase;
			buildActionMask = 2147483647;
			files = (
				13DD9E752CB4F3D000114BBA /* MillieTests.swift in Sources */,
			);
			runOnlyForDeploymentPostprocessing = 0;
		};
		13DD9E762CB4F3D000114BBA /* Sources */ = {
			isa = PBXSourcesBuildPhase;
			buildActionMask = 2147483647;
			files = (
				13DD9E812CB4F3D000114BBA /* MillieUITestsLaunchTests.swift in Sources */,
				13DD9E7F2CB4F3D000114BBA /* MillieUITests.swift in Sources */,
			);
			runOnlyForDeploymentPostprocessing = 0;
		};
/* End PBXSourcesBuildPhase section */

/* Begin PBXTargetDependency section */
		13DD9E722CB4F3D000114BBA /* PBXTargetDependency */ = {
			isa = PBXTargetDependency;
			target = 13DD9E592CB4F3CE00114BBA /* Millie */;
			targetProxy = 13DD9E712CB4F3D000114BBA /* PBXContainerItemProxy */;
		};
		13DD9E7C2CB4F3D000114BBA /* PBXTargetDependency */ = {
			isa = PBXTargetDependency;
			target = 13DD9E592CB4F3CE00114BBA /* Millie */;
			targetProxy = 13DD9E7B2CB4F3D000114BBA /* PBXContainerItemProxy */;
		};
/* End PBXTargetDependency section */

/* Begin PBXVariantGroup section */
		13DD9E682CB4F3D000114BBA /* LaunchScreen.storyboard */ = {
			isa = PBXVariantGroup;
			children = (
				13DD9E692CB4F3D000114BBA /* Base */,
			);
			name = LaunchScreen.storyboard;
			sourceTree = "<group>";
		};
/* End PBXVariantGroup section */

/* Begin XCBuildConfiguration section */
		13DD9E822CB4F3D000114BBA /* Debug */ = {
			isa = XCBuildConfiguration;
			buildSettings = {
				ALWAYS_SEARCH_USER_PATHS = NO;
				ASSETCATALOG_COMPILER_GENERATE_SWIFT_ASSET_SYMBOL_EXTENSIONS = YES;
				CLANG_ANALYZER_NONNULL = YES;
				CLANG_ANALYZER_NUMBER_OBJECT_CONVERSION = YES_AGGRESSIVE;
				CLANG_CXX_LANGUAGE_STANDARD = "gnu++20";
				CLANG_ENABLE_MODULES = YES;
				CLANG_ENABLE_OBJC_ARC = YES;
				CLANG_ENABLE_OBJC_WEAK = YES;
				CLANG_WARN_BLOCK_CAPTURE_AUTORELEASING = YES;
				CLANG_WARN_BOOL_CONVERSION = YES;
				CLANG_WARN_COMMA = YES;
				CLANG_WARN_CONSTANT_CONVERSION = YES;
				CLANG_WARN_DEPRECATED_OBJC_IMPLEMENTATIONS = YES;
				CLANG_WARN_DIRECT_OBJC_ISA_USAGE = YES_ERROR;
				CLANG_WARN_DOCUMENTATION_COMMENTS = YES;
				CLANG_WARN_EMPTY_BODY = YES;
				CLANG_WARN_ENUM_CONVERSION = YES;
				CLANG_WARN_INFINITE_RECURSION = YES;
				CLANG_WARN_INT_CONVERSION = YES;
				CLANG_WARN_NON_LITERAL_NULL_CONVERSION = YES;
				CLANG_WARN_OBJC_IMPLICIT_RETAIN_SELF = YES;
				CLANG_WARN_OBJC_LITERAL_CONVERSION = YES;
				CLANG_WARN_OBJC_ROOT_CLASS = YES_ERROR;
				CLANG_WARN_QUOTED_INCLUDE_IN_FRAMEWORK_HEADER = YES;
				CLANG_WARN_RANGE_LOOP_ANALYSIS = YES;
				CLANG_WARN_STRICT_PROTOTYPES = YES;
				CLANG_WARN_SUSPICIOUS_MOVE = YES;
				CLANG_WARN_UNGUARDED_AVAILABILITY = YES_AGGRESSIVE;
				CLANG_WARN_UNREACHABLE_CODE = YES;
				CLANG_WARN__DUPLICATE_METHOD_MATCH = YES;
				COPY_PHASE_STRIP = NO;
				DEBUG_INFORMATION_FORMAT = dwarf;
				ENABLE_STRICT_OBJC_MSGSEND = YES;
				ENABLE_TESTABILITY = YES;
				ENABLE_USER_SCRIPT_SANDBOXING = YES;
				GCC_C_LANGUAGE_STANDARD = gnu17;
				GCC_DYNAMIC_NO_PIC = NO;
				GCC_NO_COMMON_BLOCKS = YES;
				GCC_OPTIMIZATION_LEVEL = 0;
				GCC_PREPROCESSOR_DEFINITIONS = (
					"DEBUG=1",
					"$(inherited)",
				);
				GCC_WARN_64_TO_32_BIT_CONVERSION = YES;
				GCC_WARN_ABOUT_RETURN_TYPE = YES_ERROR;
				GCC_WARN_UNDECLARED_SELECTOR = YES;
				GCC_WARN_UNINITIALIZED_AUTOS = YES_AGGRESSIVE;
				GCC_WARN_UNUSED_FUNCTION = YES;
				GCC_WARN_UNUSED_VARIABLE = YES;
				IPHONEOS_DEPLOYMENT_TARGET = 17.2;
				LOCALIZATION_PREFERS_STRING_CATALOGS = YES;
				MTL_ENABLE_DEBUG_INFO = INCLUDE_SOURCE;
				MTL_FAST_MATH = YES;
				ONLY_ACTIVE_ARCH = YES;
				SDKROOT = iphoneos;
				SWIFT_ACTIVE_COMPILATION_CONDITIONS = "DEBUG $(inherited)";
				SWIFT_OPTIMIZATION_LEVEL = "-Onone";
			};
			name = Debug;
		};
		13DD9E832CB4F3D000114BBA /* Release */ = {
			isa = XCBuildConfiguration;
			buildSettings = {
				ALWAYS_SEARCH_USER_PATHS = NO;
				ASSETCATALOG_COMPILER_GENERATE_SWIFT_ASSET_SYMBOL_EXTENSIONS = YES;
				CLANG_ANALYZER_NONNULL = YES;
				CLANG_ANALYZER_NUMBER_OBJECT_CONVERSION = YES_AGGRESSIVE;
				CLANG_CXX_LANGUAGE_STANDARD = "gnu++20";
				CLANG_ENABLE_MODULES = YES;
				CLANG_ENABLE_OBJC_ARC = YES;
				CLANG_ENABLE_OBJC_WEAK = YES;
				CLANG_WARN_BLOCK_CAPTURE_AUTORELEASING = YES;
				CLANG_WARN_BOOL_CONVERSION = YES;
				CLANG_WARN_COMMA = YES;
				CLANG_WARN_CONSTANT_CONVERSION = YES;
				CLANG_WARN_DEPRECATED_OBJC_IMPLEMENTATIONS = YES;
				CLANG_WARN_DIRECT_OBJC_ISA_USAGE = YES_ERROR;
				CLANG_WARN_DOCUMENTATION_COMMENTS = YES;
				CLANG_WARN_EMPTY_BODY = YES;
				CLANG_WARN_ENUM_CONVERSION = YES;
				CLANG_WARN_INFINITE_RECURSION = YES;
				CLANG_WARN_INT_CONVERSION = YES;
				CLANG_WARN_NON_LITERAL_NULL_CONVERSION = YES;
				CLANG_WARN_OBJC_IMPLICIT_RETAIN_SELF = YES;
				CLANG_WARN_OBJC_LITERAL_CONVERSION = YES;
				CLANG_WARN_OBJC_ROOT_CLASS = YES_ERROR;
				CLANG_WARN_QUOTED_INCLUDE_IN_FRAMEWORK_HEADER = YES;
				CLANG_WARN_RANGE_LOOP_ANALYSIS = YES;
				CLANG_WARN_STRICT_PROTOTYPES = YES;
				CLANG_WARN_SUSPICIOUS_MOVE = YES;
				CLANG_WARN_UNGUARDED_AVAILABILITY = YES_AGGRESSIVE;
				CLANG_WARN_UNREACHABLE_CODE = YES;
				CLANG_WARN__DUPLICATE_METHOD_MATCH = YES;
				COPY_PHASE_STRIP = NO;
				DEBUG_INFORMATION_FORMAT = "dwarf-with-dsym";
				ENABLE_NS_ASSERTIONS = NO;
				ENABLE_STRICT_OBJC_MSGSEND = YES;
				ENABLE_USER_SCRIPT_SANDBOXING = YES;
				GCC_C_LANGUAGE_STANDARD = gnu17;
				GCC_NO_COMMON_BLOCKS = YES;
				GCC_WARN_64_TO_32_BIT_CONVERSION = YES;
				GCC_WARN_ABOUT_RETURN_TYPE = YES_ERROR;
				GCC_WARN_UNDECLARED_SELECTOR = YES;
				GCC_WARN_UNINITIALIZED_AUTOS = YES_AGGRESSIVE;
				GCC_WARN_UNUSED_FUNCTION = YES;
				GCC_WARN_UNUSED_VARIABLE = YES;
				IPHONEOS_DEPLOYMENT_TARGET = 17.2;
				LOCALIZATION_PREFERS_STRING_CATALOGS = YES;
				MTL_ENABLE_DEBUG_INFO = NO;
				MTL_FAST_MATH = YES;
				SDKROOT = iphoneos;
				SWIFT_COMPILATION_MODE = wholemodule;
				VALIDATE_PRODUCT = YES;
			};
			name = Release;
		};
		13DD9E852CB4F3D000114BBA /* Debug */ = {
			isa = XCBuildConfiguration;
			buildSettings = {
				ASSETCATALOG_COMPILER_APPICON_NAME = AppIcon;
				ASSETCATALOG_COMPILER_GLOBAL_ACCENT_COLOR_NAME = AccentColor;
				CODE_SIGN_STYLE = Automatic;
				CURRENT_PROJECT_VERSION = 1;
				DEVELOPMENT_TEAM = Z9233Z6KZ4;
				GENERATE_INFOPLIST_FILE = YES;
				INFOPLIST_FILE = Millie/Info.plist;
				INFOPLIST_KEY_UIApplicationSupportsIndirectInputEvents = YES;
				INFOPLIST_KEY_UILaunchStoryboardName = LaunchScreen;
				INFOPLIST_KEY_UIMainStoryboardFile = "";
				INFOPLIST_KEY_UISupportedInterfaceOrientations_iPad = "UIInterfaceOrientationPortrait UIInterfaceOrientationPortraitUpsideDown UIInterfaceOrientationLandscapeLeft UIInterfaceOrientationLandscapeRight";
				INFOPLIST_KEY_UISupportedInterfaceOrientations_iPhone = "UIInterfaceOrientationPortrait UIInterfaceOrientationLandscapeLeft UIInterfaceOrientationLandscapeRight";
				IPHONEOS_DEPLOYMENT_TARGET = 17.0;
				LD_RUNPATH_SEARCH_PATHS = (
					"$(inherited)",
					"@executable_path/Frameworks",
				);
				MARKETING_VERSION = 1.0;
				PRODUCT_BUNDLE_IDENTIFIER = com.hebaek.Millie;
				PRODUCT_NAME = "$(TARGET_NAME)";
				SWIFT_EMIT_LOC_STRINGS = YES;
				SWIFT_VERSION = 5.0;
				TARGETED_DEVICE_FAMILY = "1,2";
			};
			name = Debug;
		};
		13DD9E862CB4F3D000114BBA /* Release */ = {
			isa = XCBuildConfiguration;
			buildSettings = {
				ASSETCATALOG_COMPILER_APPICON_NAME = AppIcon;
				ASSETCATALOG_COMPILER_GLOBAL_ACCENT_COLOR_NAME = AccentColor;
				CODE_SIGN_STYLE = Automatic;
				CURRENT_PROJECT_VERSION = 1;
				DEVELOPMENT_TEAM = Z9233Z6KZ4;
				GENERATE_INFOPLIST_FILE = YES;
				INFOPLIST_FILE = Millie/Info.plist;
				INFOPLIST_KEY_UIApplicationSupportsIndirectInputEvents = YES;
				INFOPLIST_KEY_UILaunchStoryboardName = LaunchScreen;
				INFOPLIST_KEY_UIMainStoryboardFile = "";
				INFOPLIST_KEY_UISupportedInterfaceOrientations_iPad = "UIInterfaceOrientationPortrait UIInterfaceOrientationPortraitUpsideDown UIInterfaceOrientationLandscapeLeft UIInterfaceOrientationLandscapeRight";
				INFOPLIST_KEY_UISupportedInterfaceOrientations_iPhone = "UIInterfaceOrientationPortrait UIInterfaceOrientationLandscapeLeft UIInterfaceOrientationLandscapeRight";
				IPHONEOS_DEPLOYMENT_TARGET = 17.0;
				LD_RUNPATH_SEARCH_PATHS = (
					"$(inherited)",
					"@executable_path/Frameworks",
				);
				MARKETING_VERSION = 1.0;
				PRODUCT_BUNDLE_IDENTIFIER = com.hebaek.Millie;
				PRODUCT_NAME = "$(TARGET_NAME)";
				SWIFT_EMIT_LOC_STRINGS = YES;
				SWIFT_VERSION = 5.0;
				TARGETED_DEVICE_FAMILY = "1,2";
			};
			name = Release;
		};
		13DD9E882CB4F3D000114BBA /* Debug */ = {
			isa = XCBuildConfiguration;
			buildSettings = {
				ALWAYS_EMBED_SWIFT_STANDARD_LIBRARIES = YES;
				BUNDLE_LOADER = "$(TEST_HOST)";
				CODE_SIGN_STYLE = Automatic;
				CURRENT_PROJECT_VERSION = 1;
				DEVELOPMENT_TEAM = Z9233Z6KZ4;
				GENERATE_INFOPLIST_FILE = YES;
				IPHONEOS_DEPLOYMENT_TARGET = 17.2;
				MARKETING_VERSION = 1.0;
				PRODUCT_BUNDLE_IDENTIFIER = com.hebaek.MillieTests;
				PRODUCT_NAME = "$(TARGET_NAME)";
				SWIFT_EMIT_LOC_STRINGS = NO;
				SWIFT_VERSION = 5.0;
				TARGETED_DEVICE_FAMILY = "1,2";
				TEST_HOST = "$(BUILT_PRODUCTS_DIR)/Millie.app/$(BUNDLE_EXECUTABLE_FOLDER_PATH)/Millie";
			};
			name = Debug;
		};
		13DD9E892CB4F3D000114BBA /* Release */ = {
			isa = XCBuildConfiguration;
			buildSettings = {
				ALWAYS_EMBED_SWIFT_STANDARD_LIBRARIES = YES;
				BUNDLE_LOADER = "$(TEST_HOST)";
				CODE_SIGN_STYLE = Automatic;
				CURRENT_PROJECT_VERSION = 1;
				DEVELOPMENT_TEAM = Z9233Z6KZ4;
				GENERATE_INFOPLIST_FILE = YES;
				IPHONEOS_DEPLOYMENT_TARGET = 17.2;
				MARKETING_VERSION = 1.0;
				PRODUCT_BUNDLE_IDENTIFIER = com.hebaek.MillieTests;
				PRODUCT_NAME = "$(TARGET_NAME)";
				SWIFT_EMIT_LOC_STRINGS = NO;
				SWIFT_VERSION = 5.0;
				TARGETED_DEVICE_FAMILY = "1,2";
				TEST_HOST = "$(BUILT_PRODUCTS_DIR)/Millie.app/$(BUNDLE_EXECUTABLE_FOLDER_PATH)/Millie";
			};
			name = Release;
		};
		13DD9E8B2CB4F3D000114BBA /* Debug */ = {
			isa = XCBuildConfiguration;
			buildSettings = {
				ALWAYS_EMBED_SWIFT_STANDARD_LIBRARIES = YES;
				CODE_SIGN_STYLE = Automatic;
				CURRENT_PROJECT_VERSION = 1;
				DEVELOPMENT_TEAM = Z9233Z6KZ4;
				GENERATE_INFOPLIST_FILE = YES;
				MARKETING_VERSION = 1.0;
				PRODUCT_BUNDLE_IDENTIFIER = com.hebaek.MillieUITests;
				PRODUCT_NAME = "$(TARGET_NAME)";
				SWIFT_EMIT_LOC_STRINGS = NO;
				SWIFT_VERSION = 5.0;
				TARGETED_DEVICE_FAMILY = "1,2";
				TEST_TARGET_NAME = Millie;
			};
			name = Debug;
		};
		13DD9E8C2CB4F3D000114BBA /* Release */ = {
			isa = XCBuildConfiguration;
			buildSettings = {
				ALWAYS_EMBED_SWIFT_STANDARD_LIBRARIES = YES;
				CODE_SIGN_STYLE = Automatic;
				CURRENT_PROJECT_VERSION = 1;
				DEVELOPMENT_TEAM = Z9233Z6KZ4;
				GENERATE_INFOPLIST_FILE = YES;
				MARKETING_VERSION = 1.0;
				PRODUCT_BUNDLE_IDENTIFIER = com.hebaek.MillieUITests;
				PRODUCT_NAME = "$(TARGET_NAME)";
				SWIFT_EMIT_LOC_STRINGS = NO;
				SWIFT_VERSION = 5.0;
				TARGETED_DEVICE_FAMILY = "1,2";
				TEST_TARGET_NAME = Millie;
			};
			name = Release;
		};
/* End XCBuildConfiguration section */

/* Begin XCConfigurationList section */
		13DD9E552CB4F3CE00114BBA /* Build configuration list for PBXProject "Millie" */ = {
			isa = XCConfigurationList;
			buildConfigurations = (
				13DD9E822CB4F3D000114BBA /* Debug */,
				13DD9E832CB4F3D000114BBA /* Release */,
			);
			defaultConfigurationIsVisible = 0;
			defaultConfigurationName = Release;
		};
		13DD9E842CB4F3D000114BBA /* Build configuration list for PBXNativeTarget "Millie" */ = {
			isa = XCConfigurationList;
			buildConfigurations = (
				13DD9E852CB4F3D000114BBA /* Debug */,
				13DD9E862CB4F3D000114BBA /* Release */,
			);
			defaultConfigurationIsVisible = 0;
			defaultConfigurationName = Release;
		};
		13DD9E872CB4F3D000114BBA /* Build configuration list for PBXNativeTarget "MillieTests" */ = {
			isa = XCConfigurationList;
			buildConfigurations = (
				13DD9E882CB4F3D000114BBA /* Debug */,
				13DD9E892CB4F3D000114BBA /* Release */,
			);
			defaultConfigurationIsVisible = 0;
			defaultConfigurationName = Release;
		};
		13DD9E8A2CB4F3D000114BBA /* Build configuration list for PBXNativeTarget "MillieUITests" */ = {
			isa = XCConfigurationList;
			buildConfigurations = (
				13DD9E8B2CB4F3D000114BBA /* Debug */,
				13DD9E8C2CB4F3D000114BBA /* Release */,
			);
			defaultConfigurationIsVisible = 0;
			defaultConfigurationName = Release;
		};
/* End XCConfigurationList section */

/* Begin XCRemoteSwiftPackageReference section */
		13DD9E8F2CB697F300114BBA /* XCRemoteSwiftPackageReference "Alamofire" */ = {
			isa = XCRemoteSwiftPackageReference;
			repositoryURL = "https://github.com/Alamofire/Alamofire";
			requirement = {
				kind = upToNextMajorVersion;
				minimumVersion = 5.9.1;
			};
		};
/* End XCRemoteSwiftPackageReference section */

/* Begin XCSwiftPackageProductDependency section */
		13DD9E932CB69CBB00114BBA /* Alamofire */ = {
			isa = XCSwiftPackageProductDependency;
			package = 13DD9E8F2CB697F300114BBA /* XCRemoteSwiftPackageReference "Alamofire" */;
			productName = Alamofire;
		};
/* End XCSwiftPackageProductDependency section */

/* Begin XCVersionGroup section */
		139057EC2CB90AF900A237F8 /* ArticleModel.xcdatamodeld */ = {
			isa = XCVersionGroup;
			children = (
				139057ED2CB90AF900A237F8 /* ArticleModel.xcdatamodel */,
			);
			currentVersion = 139057ED2CB90AF900A237F8 /* ArticleModel.xcdatamodel */;
			path = ArticleModel.xcdatamodeld;
			sourceTree = "<group>";
			versionGroupType = wrapper.xcdatamodel;
		};
/* End XCVersionGroup section */
	};
	rootObject = 13DD9E522CB4F3CE00114BBA /* Project object */;
}
